
Microsoft Visual Studio Solution File, Format Version 11.00
# Visual Studio 2010
Project("{FAE04EC0-301F-11D3-BF4B-00C04F79EFBC}") = "Assembly-CSharp", "Assembly-CSharp.csproj", "{BDB0900F-C90C-DDD2-D7FD-25A47D0D8706}"
EndProject
Global
	GlobalSection(SolutionConfigurationPlatforms) = preSolution
		Debug|Any CPU = Debug|Any CPU
		Release|Any CPU = Release|Any CPU
	EndGlobalSection
	GlobalSection(ProjectConfigurationPlatforms) = postSolution
		{BDB0900F-C90C-DDD2-D7FD-25A47D0D8706}.Debug|Any CPU.ActiveCfg = Debug|Any CPU
		{BDB0900F-C90C-DDD2-D7FD-25A47D0D8706}.Debug|Any CPU.Build.0 = Debug|Any CPU
		{BDB0900F-C90C-DDD2-D7FD-25A47D0D8706}.Release|Any CPU.ActiveCfg = Release|Any CPU
		{BDB0900F-C90C-DDD2-D7FD-25A47D0D8706}.Release|Any CPU.Build.0 = Release|Any CPU
	EndGlobalSection
	GlobalSection(SolutionProperties) = preSolution
		HideSolutionNode = FALSE
	EndGlobalSection
EndGlobal
